
Microsoft Visual Studio Solution File, Format Version 12.00
# Visual Studio Version 17
VisualStudioVersion = 17.2.32505.173
MinimumVisualStudioVersion = 10.0.40219.1
Project("{9A19103F-16F7-4668-BE54-9A1E7A4F7556}") = "TikTokLiveSharp", "TikTokLiveSharp.csproj", "{D7BEE4FF-E9EA-4D1E-A685-47C91383DE17}"
EndProject
Global
	GlobalSection(SolutionConfigurationPlatforms) = preSolution
		Debug|Any CPU = Debug|Any CPU
		Release|Any CPU = Release|Any CPU
	EndGlobalSection
	GlobalSection(ProjectConfigurationPlatforms) = postSolution
		{D7BEE4FF-E9EA-4D1E-A685-47C91383DE17}.Debug|Any CPU.ActiveCfg = Debug|Any CPU
		{D7BEE4FF-E9EA-4D1E-A685-47C91383DE17}.Debug|Any CPU.Build.0 = Debug|Any CPU
		{D7BEE4FF-E9EA-4D1E-A685-47C91383DE17}.Release|Any CPU.ActiveCfg = Release|Any CPU
		{D7BEE4FF-E9EA-4D1E-A685-47C91383DE17}.Release|Any CPU.Build.0 = Release|Any CPU
	EndGlobalSection
	GlobalSection(SolutionProperties) = preSolution
		HideSolutionNode = FALSE
	EndGlobalSection
	GlobalSection(ExtensibilityGlobals) = postSolution
		SolutionGuid = {52CE81B1-A307-4486-AE9B-CA71CC7E7FD3}
	EndGlobalSection
EndGlobal
